
Microsoft Visual Studio Solution File, Format Version 12.00
# Visual Studio Version 16
VisualStudioVersion = 16.0.30413.136
MinimumVisualStudioVersion = 10.0.40219.1
Project("{FAE04EC0-301F-11D3-BF4B-00C04F79EFBC}") = "AngularApp", "AngularApp\AngularApp.csproj", "{FFFEF12B-5E1C-4D2E-B51C-956683E125D5}"
EndProject
Global
	GlobalSection(SolutionConfigurationPlatforms) = preSolution
		Debug|Any CPU = Debug|Any CPU
		Release|Any CPU = Release|Any CPU
	EndGlobalSection
	GlobalSection(ProjectConfigurationPlatforms) = postSolution
		{FFFEF12B-5E1C-4D2E-B51C-956683E125D5}.Debug|Any CPU.ActiveCfg = Debug|Any CPU
		{FFFEF12B-5E1C-4D2E-B51C-956683E125D5}.Debug|Any CPU.Build.0 = Debug|Any CPU
		{FFFEF12B-5E1C-4D2E-B51C-956683E125D5}.Release|Any CPU.ActiveCfg = Release|Any CPU
		{FFFEF12B-5E1C-4D2E-B51C-956683E125D5}.Release|Any CPU.Build.0 = Release|Any CPU
	EndGlobalSection
	GlobalSection(SolutionProperties) = preSolution
		HideSolutionNode = FALSE
	EndGlobalSection
	GlobalSection(ExtensibilityGlobals) = postSolution
		SolutionGuid = {584A295D-A2E0-4175-8AD4-6B2AD83444EA}
	EndGlobalSection
EndGlobal
